
Microsoft Visual Studio Solution File, Format Version 12.00
Project("{FAE04EC0-301F-11D3-BF4B-00C04F79EFBC}") = "MenuSelector", "MenuSelector\MenuSelector.csproj", "{7BF1F6B1-3D83-4A5A-BB2C-72EDE214C329}"
EndProject
Global
	GlobalSection(SolutionConfigurationPlatforms) = preSolution
		Debug|Any CPU = Debug|Any CPU
		Release|Any CPU = Release|Any CPU
	EndGlobalSection
	GlobalSection(ProjectConfigurationPlatforms) = postSolution
		{7BF1F6B1-3D83-4A5A-BB2C-72EDE214C329}.Debug|Any CPU.ActiveCfg = Debug|Any CPU
		{7BF1F6B1-3D83-4A5A-BB2C-72EDE214C329}.Debug|Any CPU.Build.0 = Debug|Any CPU
		{7BF1F6B1-3D83-4A5A-BB2C-72EDE214C329}.Release|Any CPU.ActiveCfg = Release|Any CPU
		{7BF1F6B1-3D83-4A5A-BB2C-72EDE214C329}.Release|Any CPU.Build.0 = Release|Any CPU
	EndGlobalSection
EndGlobal

<PropertyGroup>
    <ApplicationIcon>Assets/logo.ico</ApplicationIcon>
</PropertyGroup>